{
  "name": "perlfoundation-org",
  "version": "0.0.0",
  "lockfileVersion": 3,
  "requires": true,
  "packages": {
    "": {
      "name": "perlfoundation-org",
      "version": "0.0.0",
      "license": "MIT",
      "dependencies": {
        "pagefind": "1.5.2"
      },
      "devDependencies": {
        "@playwright/test": "1.61.0"
      }
    },
    "node_modules/@pagefind/darwin-arm64": {
      "version": "1.5.2",
      "resolved": "https://registry.npmjs.org/@pagefind/darwin-arm64/-/darwin-arm64-1.5.2.tgz",
      "integrity": "sha512-MXpI+7HsAdPkvJ0gk9xj9g541BCqBZOBbdwj9g6lB5LCj6kSV6nqDSjzcAJwvOsfu0fjwvC8hQU+ecfhp+MpiQ==",
      "cpu": [
        "arm64"
      ],
      "license": "MIT",
      "optional": true,
      "os": [
        "darwin"
      ]
    },
    "node_modules/@pagefind/darwin-x64": {
      "version": "1.5.2",
      "resolved": "https://registry.npmjs.org/@pagefind/darwin-x64/-/darwin-x64-1.5.2.tgz",
      "integrity": "sha512-IojxFWMEJe0RQ7PQ3KXQsPIImNsbpPYpoZ+QUDrL8fAl/O27IX+LVLs74/UzEZy5uA2LD8Nz1AiwKr72vrkZQw==",
      "cpu": [
        "x64"
      ],
      "license": "MIT",
      "optional": true,
      "os": [
        "darwin"
      ]
    },
    "node_modules/@pagefind/freebsd-x64": {
      "version": "1.5.2",
      "resolved": "https://registry.npmjs.org/@pagefind/freebsd-x64/-/freebsd-x64-1.5.2.tgz",
      "integrity": "sha512-7EVzo9+0w+2cbe671BtMj10UlNo83I+HrLVLfRxO731svHRJKUfJ/mo05gU14pe9PCfpKNQT8FS3Xc/oDN6pOA==",
      "cpu": [
        "x64"
      ],
      "license": "MIT",
      "optional": true,
      "os": [
        "freebsd"
      ]
    },
    "node_modules/@pagefind/linux-arm64": {
      "version": "1.5.2",
      "resolved": "https://registry.npmjs.org/@pagefind/linux-arm64/-/linux-arm64-1.5.2.tgz",
      "integrity": "sha512-Ovt9+K35sqzn8H3ZMXGwls4TD/wMJuvRtShHIsmUQREmaxjrDEX7gHckRCrwYJ4XE1H1p6HkLz3wukrAnsfXQw==",
      "cpu": [
        "arm64"
      ],
      "license": "MIT",
      "optional": true,
      "os": [
        "linux"
      ]
    },
    "node_modules/@pagefind/linux-x64": {
      "version": "1.5.2",
      "resolved": "https://registry.npmjs.org/@pagefind/linux-x64/-/linux-x64-1.5.2.tgz",
      "integrity": "sha512-V+tFqHKXhQKq/WqPBD67AFy7scn1/aZID00ws4fSDd+1daSi5UHR9VVlRrOUYKxn3VuFQYRD7lYXdZK1WED1YA==",
      "cpu": [
        "x64"
      ],
      "license": "MIT",
      "optional": true,
      "os": [
        "linux"
      ]
    },
    "node_modules/@pagefind/windows-arm64": {
      "version": "1.5.2",
      "resolved": "https://registry.npmjs.org/@pagefind/windows-arm64/-/windows-arm64-1.5.2.tgz",
      "integrity": "sha512-hN9Nh90fNW61nNRCW9ZyQrAj/mD0eRvmJ8NlTUzkbuW8kIzGJUi3cxjFkEcMZ5h/8FsKWD/VcouZl4yo1F7B6g==",
      "cpu": [
        "arm64"
      ],
      "license": "MIT",
      "optional": true,
      "os": [
        "win32"
      ]
    },
    "node_modules/@pagefind/windows-x64": {
      "version": "1.5.2",
      "resolved": "https://registry.npmjs.org/@pagefind/windows-x64/-/windows-x64-1.5.2.tgz",
      "integrity": "sha512-Fa2Iyw7kaDRzGMfNYNUXNW2zbL5FQVDgSOcbDHdzBrDEdpqOqg8TcZ68F22ol6NJ9IGzvUdmeyZypLW5dyhqsg==",
      "cpu": [
        "x64"
      ],
      "license": "MIT",
      "optional": true,
      "os": [
        "win32"
      ]
    },
    "node_modules/@playwright/test": {
      "version": "1.61.0",
      "resolved": "https://registry.npmjs.org/@playwright/test/-/test-1.61.0.tgz",
      "integrity": "sha512-cKA5B6lpFEMyMGjxF54QihfYpB4FkEGH+qZhtArDEG+wezQAJY8Pq6C7T1SjWz+FFzt3TbyoXBQYk/0292TdJA==",
      "dev": true,
      "license": "Apache-2.0",
      "dependencies": {
        "playwright": "1.61.0"
      },
      "bin": {
        "playwright": "cli.js"
      },
      "engines": {
        "node": ">=18"
      }
    },
    "node_modules/fsevents": {
      "version": "2.3.2",
      "resolved": "https://registry.npmjs.org/fsevents/-/fsevents-2.3.2.tgz",
      "integrity": "sha512-xiqMQR4xAeHTuB9uWm+fFRcIOgKBMiOBP+eXiyT7jsgVCq1bkVygt00oASowB7EdtpOHaaPgKt812P9ab+DDKA==",
      "dev": true,
      "hasInstallScript": true,
      "license": "MIT",
      "optional": true,
      "os": [
        "darwin"
      ],
      "engines": {
        "node": "^8.16.0 || ^10.6.0 || >=11.0.0"
      }
    },
    "node_modules/pagefind": {
      "version": "1.5.2",
      "resolved": "https://registry.npmjs.org/pagefind/-/pagefind-1.5.2.tgz",
      "integrity": "sha512-XTUaK0hXMCu2jszWE584JGQT7y284TmMV9l/HX3rnG5uo3rHI/uHU56XTyyyPFjeWEBxECbAi0CaFDJOONtG0Q==",
      "license": "MIT",
      "bin": {
        "pagefind": "lib/runner/bin.cjs"
      },
      "optionalDependencies": {
        "@pagefind/darwin-arm64": "1.5.2",
        "@pagefind/darwin-x64": "1.5.2",
        "@pagefind/freebsd-x64": "1.5.2",
        "@pagefind/linux-arm64": "1.5.2",
        "@pagefind/linux-x64": "1.5.2",
        "@pagefind/windows-arm64": "1.5.2",
        "@pagefind/windows-x64": "1.5.2"
      }
    },
    "node_modules/playwright": {
      "version": "1.61.0",
      "resolved": "https://registry.npmjs.org/playwright/-/playwright-1.61.0.tgz",
      "integrity": "sha512-Z+7BeeqQPRRzklHsVFP4KTGIyMxKUmfeRA4WisM6G3/XW6nwGeX6fX9qYaDa+CiUqpOkb2f6X3nar05R3kSuJQ==",
      "dev": true,
      "license": "Apache-2.0",
      "dependencies": {
        "playwright-core": "1.61.0"
      },
      "bin": {
        "playwright": "cli.js"
      },
      "engines": {
        "node": ">=18"
      },
      "optionalDependencies": {
        "fsevents": "2.3.2"
      }
    },
    "node_modules/playwright-core": {
      "version": "1.61.0",
      "resolved": "https://registry.npmjs.org/playwright-core/-/playwright-core-1.61.0.tgz",
      "integrity": "sha512-caX7TrY3Ml6egyDX0WUcTHDxodl/b51y5wJOdCEA36QviK/s2g081hvmGs8eaE3DWb6NYZQ6BjO/QkNRPenoPA==",
      "dev": true,
      "license": "Apache-2.0",
      "bin": {
        "playwright-core": "cli.js"
      },
      "engines": {
        "node": ">=18"
      }
    }
  }
}
